
Microsoft Visual Studio Solution File, Format Version 12.00
# Visual Studio 15
VisualStudioVersion = 15.0.27703.2018
MinimumVisualStudioVersion = 10.0.40219.1
Project("{9A19103F-16F7-4668-BE54-9A1E7A4F7556}") = "Forum.App", "Forum.App.csproj", "{8AD27C43-4FA2-499A-A9F9-A953D012D1AE}"
EndProject
Project("{9A19103F-16F7-4668-BE54-9A1E7A4F7556}") = "Forum.Data", "..\Forum.Data\Forum.Data.csproj", "{5E49E42E-ADF5-4B4C-B342-7AE9D3CB97E2}"
EndProject
Project("{9A19103F-16F7-4668-BE54-9A1E7A4F7556}") = "Forum.Models", "..\Forum.Models\Forum.Models.csproj", "{6093F17E-F193-4986-9AA7-29B8034830A9}"
EndProject
Global
	GlobalSection(SolutionConfigurationPlatforms) = preSolution
		Debug|Any CPU = Debug|Any CPU
		Release|Any CPU = Release|Any CPU
	EndGlobalSection
	GlobalSection(ProjectConfigurationPlatforms) = postSolution
		{8AD27C43-4FA2-499A-A9F9-A953D012D1AE}.Debug|Any CPU.ActiveCfg = Debug|Any CPU
		{8AD27C43-4FA2-499A-A9F9-A953D012D1AE}.Debug|Any CPU.Build.0 = Debug|Any CPU
		{8AD27C43-4FA2-499A-A9F9-A953D012D1AE}.Release|Any CPU.ActiveCfg = Release|Any CPU
		{8AD27C43-4FA2-499A-A9F9-A953D012D1AE}.Release|Any CPU.Build.0 = Release|Any CPU
		{5E49E42E-ADF5-4B4C-B342-7AE9D3CB97E2}.Debug|Any CPU.ActiveCfg = Debug|Any CPU
		{5E49E42E-ADF5-4B4C-B342-7AE9D3CB97E2}.Debug|Any CPU.Build.0 = Debug|Any CPU
		{5E49E42E-ADF5-4B4C-B342-7AE9D3CB97E2}.Release|Any CPU.ActiveCfg = Release|Any CPU
		{5E49E42E-ADF5-4B4C-B342-7AE9D3CB97E2}.Release|Any CPU.Build.0 = Release|Any CPU
		{6093F17E-F193-4986-9AA7-29B8034830A9}.Debug|Any CPU.ActiveCfg = Debug|Any CPU
		{6093F17E-F193-4986-9AA7-29B8034830A9}.Debug|Any CPU.Build.0 = Debug|Any CPU
		{6093F17E-F193-4986-9AA7-29B8034830A9}.Release|Any CPU.ActiveCfg = Release|Any CPU
		{6093F17E-F193-4986-9AA7-29B8034830A9}.Release|Any CPU.Build.0 = Release|Any CPU
	EndGlobalSection
	GlobalSection(SolutionProperties) = preSolution
		HideSolutionNode = FALSE
	EndGlobalSection
	GlobalSection(ExtensibilityGlobals) = postSolution
		SolutionGuid = {6A7F9EBC-DF93-4466-A543-522A0F0237D6}
	EndGlobalSection
EndGlobal
